PODS:
  - Alamofire (4.8.1)
  - AlamofireImage (3.5.0):
    - Alamofire (~> 4.8)
  - GoogleMaps (3.0.2):
    - GoogleMaps/Maps (= 3.0.2)
  - GoogleMaps/Base (3.0.2)
  - GoogleMaps/Maps (3.0.2):
    - GoogleMaps/Base
  - GooglePlaces (3.0.2):
    - GoogleMaps/Base (= 3.0.2)
  - iOSDropDown (0.2.7)
  - Kingfisher (5.1.0)

DEPENDENCIES:
  - Alamofire (~> 4.7)
  - AlamofireImage (~> 3.5)
  - GoogleMaps
  - GooglePlaces
  - iOSDropDown
  - Kingfisher (~> 5.0)

SPEC REPOS:
  https://github.com/cocoapods/specs.git:
    - Alamofire
    - AlamofireImage
    - GoogleMaps
    - GooglePlaces
    - iOSDropDown
    - Kingfisher

SPEC CHECKSUMS:
  Alamofire: 16ce2c353fb72865124ddae8a57c5942388f4f11
  AlamofireImage: 1aea346f4dda2f6c67622fa5a89fcbb80d79cc16
  GoogleMaps: 941cd655e009b4d8e42df19a3d749bc3fccec973
  GooglePlaces: c086e0055dc5f0177d7c9d65fc77a1734f9a4825
  iOSDropDown: 7a4cfc67d5166f319858747b63cd2f7760c4fb4b
  Kingfisher: fcec238063d17404fca89bf0a850583211c4cbf6

PODFILE CHECKSUM: be2f2c35ccfe5cc0b623c0bef77e5a784cc6aa3f

COCOAPODS: 1.5.2
