// !$*UTF8*$!
{
	archiveVersion = 1;
	classes = {
	};
	objectVersion = 50;
	objects = {

/* Begin PBXBuildFile section */
		4302C1102206085400A9865D /* CustomTabBarController.swift in Sources */ = {isa = PBXBuildFile; fileRef = 4302C10F2206085400A9865D /* CustomTabBarController.swift */; };
		4302C1142206137A00A9865D /* CreateReportVC.swift in Sources */ = {isa = PBXBuildFile; fileRef = 4302C1132206137A00A9865D /* CreateReportVC.swift */; };
		4309F8EE22174B21001C29A9 /* SendPublicSpaceReportVC.swift in Sources */ = {isa = PBXBuildFile; fileRef = 4309F8ED22174B21001C29A9 /* SendPublicSpaceReportVC.swift */; };
		43130E242221CB5A0074AD85 /* ViewReportVC.swift in Sources */ = {isa = PBXBuildFile; fileRef = 43130E232221CB5A0074AD85 /* ViewReportVC.swift */; };
		43130E262221DB800074AD85 /* SecondScreenVC.swift in Sources */ = {isa = PBXBuildFile; fileRef = 43130E252221DB800074AD85 /* SecondScreenVC.swift */; };
		4316BB4922037DD000A168BE /* MainVC.swift in Sources */ = {isa = PBXBuildFile; fileRef = 4316BB4822037DD000A168BE /* MainVC.swift */; };
		432D6605223AA68A005F382D /* TeamMemberVC.swift in Sources */ = {isa = PBXBuildFile; fileRef = 432D6604223AA68A005F382D /* TeamMemberVC.swift */; };
		432D6607223AA7DC005F382D /* TeamMemberRequestTVC.swift in Sources */ = {isa = PBXBuildFile; fileRef = 432D6606223AA7DC005F382D /* TeamMemberRequestTVC.swift */; };
		433DF9C12228665E0091BF8A /* ReportTVC.swift in Sources */ = {isa = PBXBuildFile; fileRef = 433DF9C02228665E0091BF8A /* ReportTVC.swift */; };
		433DF9C3222866710091BF8A /* TeamTVC.swift in Sources */ = {isa = PBXBuildFile; fileRef = 433DF9C2222866710091BF8A /* TeamTVC.swift */; };
		43440D6D2215C2D7008A777E /* PublicSpaceVC.swift in Sources */ = {isa = PBXBuildFile; fileRef = 43440D6C2215C2D7008A777E /* PublicSpaceVC.swift */; };
		43440D712215D460008A777E /* PublicSpaceTVC.swift in Sources */ = {isa = PBXBuildFile; fileRef = 43440D702215D460008A777E /* PublicSpaceTVC.swift */; };
		43440D732215DA26008A777E /* SuspiciousSituationVC.swift in Sources */ = {isa = PBXBuildFile; fileRef = 43440D722215DA26008A777E /* SuspiciousSituationVC.swift */; };
		434C3B55220A287800843000 /* ApiHandler.swift in Sources */ = {isa = PBXBuildFile; fileRef = 434C3B54220A287800843000 /* ApiHandler.swift */; };
		434C3B57220A2B4D00843000 /* URL.swift in Sources */ = {isa = PBXBuildFile; fileRef = 434C3B56220A2B4D00843000 /* URL.swift */; };
		434C3B59220A2DE800843000 /* UserModel.swift in Sources */ = {isa = PBXBuildFile; fileRef = 434C3B58220A2DE800843000 /* UserModel.swift */; };
		435CCB1C21FF66CB00E87AD6 /* AppDelegate.swift in Sources */ = {isa = PBXBuildFile; fileRef = 435CCB1B21FF66CB00E87AD6 /* AppDelegate.swift */; };
		435CCB1E21FF66CB00E87AD6 /* SplashScreenVC.swift in Sources */ = {isa = PBXBuildFile; fileRef = 435CCB1D21FF66CB00E87AD6 /* SplashScreenVC.swift */; };
		435CCB2121FF66CB00E87AD6 /* Initial.storyboard in Resources */ = {isa = PBXBuildFile; fileRef = 435CCB1F21FF66CB00E87AD6 /* Initial.storyboard */; };
		435CCB2621FF66CD00E87AD6 /* LaunchScreen.storyboard in Resources */ = {isa = PBXBuildFile; fileRef = 435CCB2421FF66CD00E87AD6 /* LaunchScreen.storyboard */; };
		435CCB3521FF78F000E87AD6 /* EnterCodeVC.swift in Sources */ = {isa = PBXBuildFile; fileRef = 435CCB3421FF78F000E87AD6 /* EnterCodeVC.swift */; };
		4368EB12222973CC00EA03FE /* TeamDetailsVC.swift in Sources */ = {isa = PBXBuildFile; fileRef = 4368EB11222973CC00EA03FE /* TeamDetailsVC.swift */; };
		4368EB14222977B500EA03FE /* TeamDetailsUpdateVC.swift in Sources */ = {isa = PBXBuildFile; fileRef = 4368EB13222977B500EA03FE /* TeamDetailsUpdateVC.swift */; };
		436B4027222A83BD00873C01 /* CreateNewTeamVC.swift in Sources */ = {isa = PBXBuildFile; fileRef = 436B4026222A83BD00873C01 /* CreateNewTeamVC.swift */; };
		436B4029222A95A100873C01 /* TeamMemberTVC.swift in Sources */ = {isa = PBXBuildFile; fileRef = 436B4028222A95A100873C01 /* TeamMemberTVC.swift */; };
		437CF0AE2238399E00FC1A86 /* MyPickerView.swift in Sources */ = {isa = PBXBuildFile; fileRef = 437CF0AD2238399E00FC1A86 /* MyPickerView.swift */; };
		437DFD372221B1A400D2E662 /* SuspiciousTVC.swift in Sources */ = {isa = PBXBuildFile; fileRef = 437DFD362221B1A400D2E662 /* SuspiciousTVC.swift */; };
		437DFD392221BB7D00D2E662 /* Constants.swift in Sources */ = {isa = PBXBuildFile; fileRef = 437DFD382221BB7D00D2E662 /* Constants.swift */; };
		4386825921FF8C06008F65D0 /* LoginUserVC.swift in Sources */ = {isa = PBXBuildFile; fileRef = 4386825821FF8C06008F65D0 /* LoginUserVC.swift */; };
		438A0312221C0B6A00ECE252 /* ReportMapModel.swift in Sources */ = {isa = PBXBuildFile; fileRef = 438A0311221C0B6A00ECE252 /* ReportMapModel.swift */; };
		43907A322210A5B60063DC16 /* TeamListModel.swift in Sources */ = {isa = PBXBuildFile; fileRef = 43907A312210A5B60063DC16 /* TeamListModel.swift */; };
		4392B573222129650001A7E0 /* ReportVC.swift in Sources */ = {isa = PBXBuildFile; fileRef = 4392B572222129650001A7E0 /* ReportVC.swift */; };
		4392B575222129760001A7E0 /* TeamVC.swift in Sources */ = {isa = PBXBuildFile; fileRef = 4392B574222129760001A7E0 /* TeamVC.swift */; };
		4392B5772221298B0001A7E0 /* ProfileVC.swift in Sources */ = {isa = PBXBuildFile; fileRef = 4392B5762221298B0001A7E0 /* ProfileVC.swift */; };
		4392B5792221299B0001A7E0 /* AboutUsVC.swift in Sources */ = {isa = PBXBuildFile; fileRef = 4392B5782221299B0001A7E0 /* AboutUsVC.swift */; };
		4392B57B222129A80001A7E0 /* FeedbackVC.swift in Sources */ = {isa = PBXBuildFile; fileRef = 4392B57A222129A80001A7E0 /* FeedbackVC.swift */; };
		4392B57D222129B90001A7E0 /* SettingVC.swift in Sources */ = {isa = PBXBuildFile; fileRef = 4392B57C222129B90001A7E0 /* SettingVC.swift */; };
		439470EE220B5FDD00CEC63E /* SWRevealViewController 02-32-09-600.m in Sources */ = {isa = PBXBuildFile; fileRef = 439470EC220B5FDD00CEC63E /* SWRevealViewController 02-32-09-600.m */; };
		439470F3220B7A0F00CEC63E /* RegistrationTeamVC.swift in Sources */ = {isa = PBXBuildFile; fileRef = 439470F2220B7A0F00CEC63E /* RegistrationTeamVC.swift */; };
		4397D19A220F6AC8004788B6 /* SelectReportTypeVC.swift in Sources */ = {isa = PBXBuildFile; fileRef = 4397D199220F6AC8004788B6 /* SelectReportTypeVC.swift */; };
		4397D19C220F6B26004788B6 /* SendSuspiciousReportVC.swift in Sources */ = {isa = PBXBuildFile; fileRef = 4397D19B220F6B26004788B6 /* SendSuspiciousReportVC.swift */; };
		439B1EB1220ACBE1007A6F4E /* Validation.swift in Sources */ = {isa = PBXBuildFile; fileRef = 439B1EB0220ACBE1007A6F4E /* Validation.swift */; };
		43B4BFD62205CA1C004C8EAD /* Assets.xcassets in Resources */ = {isa = PBXBuildFile; fileRef = 43B4BFD52205CA1B004C8EAD /* Assets.xcassets */; };
		43BEFB3A220F5D6F00A84E9C /* CreateTeamVC.swift in Sources */ = {isa = PBXBuildFile; fileRef = 43BEFB39220F5D6F00A84E9C /* CreateTeamVC.swift */; };
		43C4ABE42207685C0055D4EF /* RegistrationDataVC.swift in Sources */ = {isa = PBXBuildFile; fileRef = 43C4ABE32207685C0055D4EF /* RegistrationDataVC.swift */; };
		43C4ABE622077D880055D4EF /* TermsAndConditionVC.swift in Sources */ = {isa = PBXBuildFile; fileRef = 43C4ABE522077D880055D4EF /* TermsAndConditionVC.swift */; };
		43C4ABE822078B3A0055D4EF /* ForgotPassVC.swift in Sources */ = {isa = PBXBuildFile; fileRef = 43C4ABE722078B3A0055D4EF /* ForgotPassVC.swift */; };
		43DB4CA5221AE55000E0F88E /* ViewMapReportVC.swift in Sources */ = {isa = PBXBuildFile; fileRef = 43DB4CA4221AE55000E0F88E /* ViewMapReportVC.swift */; };
		43DB4CA7221B527000E0F88E /* ReportMapService.swift in Sources */ = {isa = PBXBuildFile; fileRef = 43DB4CA6221B527000E0F88E /* ReportMapService.swift */; };
		43E7C921220FF747004A9AFD /* SelectReportVC.swift in Sources */ = {isa = PBXBuildFile; fileRef = 43E7C920220FF747004A9AFD /* SelectReportVC.swift */; };
		43EA2B13220B01FD0088B5FC /* Generics.swift in Sources */ = {isa = PBXBuildFile; fileRef = 43EA2B12220B01FD0088B5FC /* Generics.swift */; };
		43EA2B15220B495E0088B5FC /* HostModel.swift in Sources */ = {isa = PBXBuildFile; fileRef = 43EA2B14220B495E0088B5FC /* HostModel.swift */; };
		830756348BBE455B8F1C2B70 /* Pods_Straat.framework in Frameworks */ = {isa = PBXBuildFile; fileRef = 3E32E0A82034B122A15F9FE0 /* Pods_Straat.framework */; };
		9B0948BC2212AD47004CE4CB /* UserRegistrationModel.swift in Sources */ = {isa = PBXBuildFile; fileRef = 9B0948BB2212AD47004CE4CB /* UserRegistrationModel.swift */; };
		9B0948BE2212BC15004CE4CB /* RegistrationStep2VC.swift in Sources */ = {isa = PBXBuildFile; fileRef = 9B0948BD2212BC15004CE4CB /* RegistrationStep2VC.swift */; };
		9B0948C02212D0A8004CE4CB /* TeamModel.swift in Sources */ = {isa = PBXBuildFile; fileRef = 9B0948BF2212D0A8004CE4CB /* TeamModel.swift */; };
		9B2EC5362232E1AD00257649 /* TeamService.swift in Sources */ = {isa = PBXBuildFile; fileRef = 9B2EC5352232E1AD00257649 /* TeamService.swift */; };
		9B2F486C221F17A100B2BF91 /* SendReportModel.swift in Sources */ = {isa = PBXBuildFile; fileRef = 9B2F486B221F17A100B2BF91 /* SendReportModel.swift */; };
		9B69A50822123C95001BBFE8 /* PostalModel.swift in Sources */ = {isa = PBXBuildFile; fileRef = 9B69A50722123C95001BBFE8 /* PostalModel.swift */; };
		9B77016F222076B4004D8CF0 /* ReportTypeModel.swift in Sources */ = {isa = PBXBuildFile; fileRef = 9B77016E222076B4004D8CF0 /* ReportTypeModel.swift */; };
		9BA851A72225E11E00E872D9 /* Main.storyboard in Resources */ = {isa = PBXBuildFile; fileRef = 9BA851A92225E11E00E872D9 /* Main.storyboard */; };
		9BA851AA2225E12900E872D9 /* Sidebars.storyboard in Resources */ = {isa = PBXBuildFile; fileRef = 9BA851AC2225E12900E872D9 /* Sidebars.storyboard */; };
		9BBABA9E221F29B300DBC284 /* ReportService.swift in Sources */ = {isa = PBXBuildFile; fileRef = 9BBABA9D221F29B300DBC284 /* ReportService.swift */; };
		9BBABAA0221F2E4E00DBC284 /* ReportModel.swift in Sources */ = {isa = PBXBuildFile; fileRef = 9BBABA9F221F2E4E00DBC284 /* ReportModel.swift */; };
		9BBABAA2221F3AAB00DBC284 /* PhotoModel.swift in Sources */ = {isa = PBXBuildFile; fileRef = 9BBABAA1221F3AAB00DBC284 /* PhotoModel.swift */; };
		9BBABAA6221F4AE000DBC284 /* MediaService.swift in Sources */ = {isa = PBXBuildFile; fileRef = 9BBABAA5221F4AE000DBC284 /* MediaService.swift */; };
		9BE18352220DE74C00981F3F /* Registration.storyboard in Resources */ = {isa = PBXBuildFile; fileRef = 9BE18354220DE74C00981F3F /* Registration.storyboard */; };
		9BE5D8EB22195A9F0041FE8A /* CategoryService.swift in Sources */ = {isa = PBXBuildFile; fileRef = 9BE5D8EA22195A9F0041FE8A /* CategoryService.swift */; };
		9BE5D8ED22195B530041FE8A /* MainCategoryModel.swift in Sources */ = {isa = PBXBuildFile; fileRef = 9BE5D8EC22195B530041FE8A /* MainCategoryModel.swift */; };
		9BE5D8EF22195B860041FE8A /* SubCategoryModel.swift in Sources */ = {isa = PBXBuildFile; fileRef = 9BE5D8EE22195B860041FE8A /* SubCategoryModel.swift */; };
		9BECD55D22207A9D004989A2 /* UserService.swift in Sources */ = {isa = PBXBuildFile; fileRef = 9BECD55C22207A9D004989A2 /* UserService.swift */; };
/* End PBXBuildFile section */

/* Begin PBXFileReference section */
		3E32E0A82034B122A15F9FE0 /* Pods_Straat.framework */ = {isa = PBXFileReference; explicitFileType = wrapper.framework; includeInIndex = 0; path = Pods_Straat.framework; sourceTree = BUILT_PRODUCTS_DIR; };
		4302C10F2206085400A9865D /* CustomTabBarController.swift */ = {isa = PBXFileReference; lastKnownFileType = sourcecode.swift; path = CustomTabBarController.swift; sourceTree = "<group>"; };
		4302C1132206137A00A9865D /* CreateReportVC.swift */ = {isa = PBXFileReference; lastKnownFileType = sourcecode.swift; path = CreateReportVC.swift; sourceTree = "<group>"; };
		4309F8ED22174B21001C29A9 /* SendPublicSpaceReportVC.swift */ = {isa = PBXFileReference; lastKnownFileType = sourcecode.swift; path = SendPublicSpaceReportVC.swift; sourceTree = "<group>"; };
		43130E232221CB5A0074AD85 /* ViewReportVC.swift */ = {isa = PBXFileReference; lastKnownFileType = sourcecode.swift; path = ViewReportVC.swift; sourceTree = "<group>"; };
		43130E252221DB800074AD85 /* SecondScreenVC.swift */ = {isa = PBXFileReference; lastKnownFileType = sourcecode.swift; path = SecondScreenVC.swift; sourceTree = "<group>"; };
		4316BB4422037B3B00A168BE /* Straat-Bridging-Header.h */ = {isa = PBXFileReference; lastKnownFileType = sourcecode.c.h; path = "Straat-Bridging-Header.h"; sourceTree = "<group>"; };
		4316BB4822037DD000A168BE /* MainVC.swift */ = {isa = PBXFileReference; lastKnownFileType = sourcecode.swift; path = MainVC.swift; sourceTree = "<group>"; };
		432D6604223AA68A005F382D /* TeamMemberVC.swift */ = {isa = PBXFileReference; lastKnownFileType = sourcecode.swift; path = TeamMemberVC.swift; sourceTree = "<group>"; };
		432D6606223AA7DC005F382D /* TeamMemberRequestTVC.swift */ = {isa = PBXFileReference; lastKnownFileType = sourcecode.swift; path = TeamMemberRequestTVC.swift; sourceTree = "<group>"; };
		433DF9C02228665E0091BF8A /* ReportTVC.swift */ = {isa = PBXFileReference; lastKnownFileType = sourcecode.swift; path = ReportTVC.swift; sourceTree = "<group>"; };
		433DF9C2222866710091BF8A /* TeamTVC.swift */ = {isa = PBXFileReference; lastKnownFileType = sourcecode.swift; path = TeamTVC.swift; sourceTree = "<group>"; };
		43440D6C2215C2D7008A777E /* PublicSpaceVC.swift */ = {isa = PBXFileReference; lastKnownFileType = sourcecode.swift; path = PublicSpaceVC.swift; sourceTree = "<group>"; };
		43440D702215D460008A777E /* PublicSpaceTVC.swift */ = {isa = PBXFileReference; lastKnownFileType = sourcecode.swift; path = PublicSpaceTVC.swift; sourceTree = "<group>"; };
		43440D722215DA26008A777E /* SuspiciousSituationVC.swift */ = {isa = PBXFileReference; lastKnownFileType = sourcecode.swift; path = SuspiciousSituationVC.swift; sourceTree = "<group>"; };
		434C3B54220A287800843000 /* ApiHandler.swift */ = {isa = PBXFileReference; lastKnownFileType = sourcecode.swift; path = ApiHandler.swift; sourceTree = "<group>"; };
		434C3B56220A2B4D00843000 /* URL.swift */ = {isa = PBXFileReference; lastKnownFileType = sourcecode.swift; path = URL.swift; sourceTree = "<group>"; };
		434C3B58220A2DE800843000 /* UserModel.swift */ = {isa = PBXFileReference; lastKnownFileType = sourcecode.swift; path = UserModel.swift; sourceTree = "<group>"; };
		435CCB1821FF66CB00E87AD6 /* Straat.app */ = {isa = PBXFileReference; explicitFileType = wrapper.application; includeInIndex = 0; path = Straat.app; sourceTree = BUILT_PRODUCTS_DIR; };
		435CCB1B21FF66CB00E87AD6 /* AppDelegate.swift */ = {isa = PBXFileReference; lastKnownFileType = sourcecode.swift; path = AppDelegate.swift; sourceTree = "<group>"; };
		435CCB1D21FF66CB00E87AD6 /* SplashScreenVC.swift */ = {isa = PBXFileReference; lastKnownFileType = sourcecode.swift; path = SplashScreenVC.swift; sourceTree = "<group>"; };
		435CCB2021FF66CB00E87AD6 /* Base */ = {isa = PBXFileReference; lastKnownFileType = file.storyboard; name = Base; path = Base.lproj/Initial.storyboard; sourceTree = "<group>"; };
		435CCB2521FF66CD00E87AD6 /* Base */ = {isa = PBXFileReference; lastKnownFileType = file.storyboard; name = Base; path = Base.lproj/LaunchScreen.storyboard; sourceTree = "<group>"; };
		435CCB2721FF66CD00E87AD6 /* Info.plist */ = {isa = PBXFileReference; lastKnownFileType = text.plist.xml; path = Info.plist; sourceTree = "<group>"; };
		435CCB3421FF78F000E87AD6 /* EnterCodeVC.swift */ = {isa = PBXFileReference; lastKnownFileType = sourcecode.swift; path = EnterCodeVC.swift; sourceTree = "<group>"; };
		4368EB11222973CC00EA03FE /* TeamDetailsVC.swift */ = {isa = PBXFileReference; lastKnownFileType = sourcecode.swift; path = TeamDetailsVC.swift; sourceTree = "<group>"; };
		4368EB13222977B500EA03FE /* TeamDetailsUpdateVC.swift */ = {isa = PBXFileReference; lastKnownFileType = sourcecode.swift; path = TeamDetailsUpdateVC.swift; sourceTree = "<group>"; };
		436B4026222A83BD00873C01 /* CreateNewTeamVC.swift */ = {isa = PBXFileReference; lastKnownFileType = sourcecode.swift; path = CreateNewTeamVC.swift; sourceTree = "<group>"; };
		436B4028222A95A100873C01 /* TeamMemberTVC.swift */ = {isa = PBXFileReference; lastKnownFileType = sourcecode.swift; path = TeamMemberTVC.swift; sourceTree = "<group>"; };
		437CF0AD2238399E00FC1A86 /* MyPickerView.swift */ = {isa = PBXFileReference; lastKnownFileType = sourcecode.swift; path = MyPickerView.swift; sourceTree = "<group>"; };
		437DFD362221B1A400D2E662 /* SuspiciousTVC.swift */ = {isa = PBXFileReference; lastKnownFileType = sourcecode.swift; path = SuspiciousTVC.swift; sourceTree = "<group>"; };
		437DFD382221BB7D00D2E662 /* Constants.swift */ = {isa = PBXFileReference; lastKnownFileType = sourcecode.swift; path = Constants.swift; sourceTree = "<group>"; };
		4386825821FF8C06008F65D0 /* LoginUserVC.swift */ = {isa = PBXFileReference; lastKnownFileType = sourcecode.swift; path = LoginUserVC.swift; sourceTree = "<group>"; };
		438A0311221C0B6A00ECE252 /* ReportMapModel.swift */ = {isa = PBXFileReference; lastKnownFileType = sourcecode.swift; path = ReportMapModel.swift; sourceTree = "<group>"; };
		43907A312210A5B60063DC16 /* TeamListModel.swift */ = {isa = PBXFileReference; lastKnownFileType = sourcecode.swift; path = TeamListModel.swift; sourceTree = "<group>"; };
		4392B572222129650001A7E0 /* ReportVC.swift */ = {isa = PBXFileReference; lastKnownFileType = sourcecode.swift; path = ReportVC.swift; sourceTree = "<group>"; };
		4392B574222129760001A7E0 /* TeamVC.swift */ = {isa = PBXFileReference; lastKnownFileType = sourcecode.swift; path = TeamVC.swift; sourceTree = "<group>"; };
		4392B5762221298B0001A7E0 /* ProfileVC.swift */ = {isa = PBXFileReference; lastKnownFileType = sourcecode.swift; path = ProfileVC.swift; sourceTree = "<group>"; };
		4392B5782221299B0001A7E0 /* AboutUsVC.swift */ = {isa = PBXFileReference; lastKnownFileType = sourcecode.swift; path = AboutUsVC.swift; sourceTree = "<group>"; };
		4392B57A222129A80001A7E0 /* FeedbackVC.swift */ = {isa = PBXFileReference; lastKnownFileType = sourcecode.swift; path = FeedbackVC.swift; sourceTree = "<group>"; };
		4392B57C222129B90001A7E0 /* SettingVC.swift */ = {isa = PBXFileReference; lastKnownFileType = sourcecode.swift; path = SettingVC.swift; sourceTree = "<group>"; };
		439470EC220B5FDD00CEC63E /* SWRevealViewController 02-32-09-600.m */ = {isa = PBXFileReference; fileEncoding = 4; lastKnownFileType = sourcecode.c.objc; path = "SWRevealViewController 02-32-09-600.m"; sourceTree = "<group>"; };
		439470ED220B5FDD00CEC63E /* SWRevealViewController 02-32-09-986.h */ = {isa = PBXFileReference; fileEncoding = 4; lastKnownFileType = sourcecode.c.h; path = "SWRevealViewController 02-32-09-986.h"; sourceTree = "<group>"; };
		439470F2220B7A0F00CEC63E /* RegistrationTeamVC.swift */ = {isa = PBXFileReference; lastKnownFileType = sourcecode.swift; path = RegistrationTeamVC.swift; sourceTree = "<group>"; };
		4397D199220F6AC8004788B6 /* SelectReportTypeVC.swift */ = {isa = PBXFileReference; fileEncoding = 4; lastKnownFileType = sourcecode.swift; path = SelectReportTypeVC.swift; sourceTree = "<group>"; };
		4397D19B220F6B26004788B6 /* SendSuspiciousReportVC.swift */ = {isa = PBXFileReference; lastKnownFileType = sourcecode.swift; path = SendSuspiciousReportVC.swift; sourceTree = "<group>"; };
		439B1EB0220ACBE1007A6F4E /* Validation.swift */ = {isa = PBXFileReference; lastKnownFileType = sourcecode.swift; path = Validation.swift; sourceTree = "<group>"; };
		43B4BFD52205CA1B004C8EAD /* Assets.xcassets */ = {isa = PBXFileReference; lastKnownFileType = folder.assetcatalog; path = Assets.xcassets; sourceTree = "<group>"; };
		43BEFB39220F5D6F00A84E9C /* CreateTeamVC.swift */ = {isa = PBXFileReference; lastKnownFileType = sourcecode.swift; path = CreateTeamVC.swift; sourceTree = "<group>"; };
		43C4ABE32207685C0055D4EF /* RegistrationDataVC.swift */ = {isa = PBXFileReference; lastKnownFileType = sourcecode.swift; path = RegistrationDataVC.swift; sourceTree = "<group>"; };
		43C4ABE522077D880055D4EF /* TermsAndConditionVC.swift */ = {isa = PBXFileReference; lastKnownFileType = sourcecode.swift; path = TermsAndConditionVC.swift; sourceTree = "<group>"; };
		43C4ABE722078B3A0055D4EF /* ForgotPassVC.swift */ = {isa = PBXFileReference; lastKnownFileType = sourcecode.swift; path = ForgotPassVC.swift; sourceTree = "<group>"; };
		43DB4CA4221AE55000E0F88E /* ViewMapReportVC.swift */ = {isa = PBXFileReference; lastKnownFileType = sourcecode.swift; path = ViewMapReportVC.swift; sourceTree = "<group>"; };
		43DB4CA6221B527000E0F88E /* ReportMapService.swift */ = {isa = PBXFileReference; lastKnownFileType = sourcecode.swift; path = ReportMapService.swift; sourceTree = "<group>"; };
		43E7C920220FF747004A9AFD /* SelectReportVC.swift */ = {isa = PBXFileReference; lastKnownFileType = sourcecode.swift; path = SelectReportVC.swift; sourceTree = "<group>"; };
		43EA2B12220B01FD0088B5FC /* Generics.swift */ = {isa = PBXFileReference; lastKnownFileType = sourcecode.swift; path = Generics.swift; sourceTree = "<group>"; };
		43EA2B14220B495E0088B5FC /* HostModel.swift */ = {isa = PBXFileReference; lastKnownFileType = sourcecode.swift; path = HostModel.swift; sourceTree = "<group>"; };
		4DB15AC11A35962DC0F48E20 /* Pods-Straat.debug.xcconfig */ = {isa = PBXFileReference; includeInIndex = 1; lastKnownFileType = text.xcconfig; name = "Pods-Straat.debug.xcconfig"; path = "Pods/Target Support Files/Pods-Straat/Pods-Straat.debug.xcconfig"; sourceTree = "<group>"; };
		9B0948BB2212AD47004CE4CB /* UserRegistrationModel.swift */ = {isa = PBXFileReference; lastKnownFileType = sourcecode.swift; path = UserRegistrationModel.swift; sourceTree = "<group>"; };
		9B0948BD2212BC15004CE4CB /* RegistrationStep2VC.swift */ = {isa = PBXFileReference; lastKnownFileType = sourcecode.swift; path = RegistrationStep2VC.swift; sourceTree = "<group>"; };
		9B0948BF2212D0A8004CE4CB /* TeamModel.swift */ = {isa = PBXFileReference; lastKnownFileType = sourcecode.swift; path = TeamModel.swift; sourceTree = "<group>"; };
		9B2EC5352232E1AD00257649 /* TeamService.swift */ = {isa = PBXFileReference; lastKnownFileType = sourcecode.swift; path = TeamService.swift; sourceTree = "<group>"; };
		9B2F486B221F17A100B2BF91 /* SendReportModel.swift */ = {isa = PBXFileReference; lastKnownFileType = sourcecode.swift; path = SendReportModel.swift; sourceTree = "<group>"; };
		9B69A50722123C95001BBFE8 /* PostalModel.swift */ = {isa = PBXFileReference; lastKnownFileType = sourcecode.swift; path = PostalModel.swift; sourceTree = "<group>"; };
		9B77016E222076B4004D8CF0 /* ReportTypeModel.swift */ = {isa = PBXFileReference; lastKnownFileType = sourcecode.swift; path = ReportTypeModel.swift; sourceTree = "<group>"; };
		9B7732B2222FCA9E0099A4D4 /* Straat.entitlements */ = {isa = PBXFileReference; lastKnownFileType = text.plist.entitlements; path = Straat.entitlements; sourceTree = "<group>"; };
		9BA851A52225E10700E872D9 /* nl */ = {isa = PBXFileReference; lastKnownFileType = text.plist.strings; name = nl; path = nl.lproj/LaunchScreen.strings; sourceTree = "<group>"; };
		9BA851A62225E10800E872D9 /* nl */ = {isa = PBXFileReference; lastKnownFileType = text.plist.strings; name = nl; path = nl.lproj/Registration.strings; sourceTree = "<group>"; };
		9BA851AD2225E13400E872D9 /* Base */ = {isa = PBXFileReference; lastKnownFileType = file.storyboard; name = Base; path = Base.lproj/Main.storyboard; sourceTree = "<group>"; };
		9BA851AE2225E13900E872D9 /* Base */ = {isa = PBXFileReference; lastKnownFileType = file.storyboard; name = Base; path = Base.lproj/Sidebars.storyboard; sourceTree = "<group>"; };
		9BA851AF2225E14500E872D9 /* nl */ = {isa = PBXFileReference; lastKnownFileType = text.plist.strings; name = nl; path = nl.lproj/Sidebars.strings; sourceTree = "<group>"; };
		9BA851B02225E14F00E872D9 /* nl */ = {isa = PBXFileReference; lastKnownFileType = text.plist.strings; name = nl; path = nl.lproj/Main.strings; sourceTree = "<group>"; };
		9BA851B62225F0B200E872D9 /* nl */ = {isa = PBXFileReference; lastKnownFileType = text.plist.strings; name = nl; path = nl.lproj/Initial.strings; sourceTree = "<group>"; };
		9BBABA9D221F29B300DBC284 /* ReportService.swift */ = {isa = PBXFileReference; lastKnownFileType = sourcecode.swift; path = ReportService.swift; sourceTree = "<group>"; };
		9BBABA9F221F2E4E00DBC284 /* ReportModel.swift */ = {isa = PBXFileReference; lastKnownFileType = sourcecode.swift; path = ReportModel.swift; sourceTree = "<group>"; };
		9BBABAA1221F3AAB00DBC284 /* PhotoModel.swift */ = {isa = PBXFileReference; lastKnownFileType = sourcecode.swift; path = PhotoModel.swift; sourceTree = "<group>"; };
		9BBABAA5221F4AE000DBC284 /* MediaService.swift */ = {isa = PBXFileReference; lastKnownFileType = sourcecode.swift; path = MediaService.swift; sourceTree = "<group>"; };
		9BE18355220DE75B00981F3F /* Base */ = {isa = PBXFileReference; lastKnownFileType = file.storyboard; name = Base; path = Base.lproj/Registration.storyboard; sourceTree = "<group>"; };
		9BE5D8EA22195A9F0041FE8A /* CategoryService.swift */ = {isa = PBXFileReference; lastKnownFileType = sourcecode.swift; path = CategoryService.swift; sourceTree = "<group>"; };
		9BE5D8EC22195B530041FE8A /* MainCategoryModel.swift */ = {isa = PBXFileReference; lastKnownFileType = sourcecode.swift; path = MainCategoryModel.swift; sourceTree = "<group>"; };
		9BE5D8EE22195B860041FE8A /* SubCategoryModel.swift */ = {isa = PBXFileReference; lastKnownFileType = sourcecode.swift; path = SubCategoryModel.swift; sourceTree = "<group>"; };
		9BECD55C22207A9D004989A2 /* UserService.swift */ = {isa = PBXFileReference; lastKnownFileType = sourcecode.swift; path = UserService.swift; sourceTree = "<group>"; };
		D18593043328EDDCC1CC42BA /* Pods-Straat.release.xcconfig */ = {isa = PBXFileReference; includeInIndex = 1; lastKnownFileType = text.xcconfig; name = "Pods-Straat.release.xcconfig"; path = "Pods/Target Support Files/Pods-Straat/Pods-Straat.release.xcconfig"; sourceTree = "<group>"; };
/* End PBXFileReference section */

/* Begin PBXFrameworksBuildPhase section */
		435CCB1521FF66CB00E87AD6 /* Frameworks */ = {
			isa = PBXFrameworksBuildPhase;
			buildActionMask = 2147483647;
			files = (
				830756348BBE455B8F1C2B70 /* Pods_Straat.framework in Frameworks */,
			);
			runOnlyForDeploymentPostprocessing = 0;
		};
/* End PBXFrameworksBuildPhase section */

/* Begin PBXGroup section */
		4316BB4322037B1800A168BE /* lib */ = {
			isa = PBXGroup;
			children = (
				439470EC220B5FDD00CEC63E /* SWRevealViewController 02-32-09-600.m */,
				439470ED220B5FDD00CEC63E /* SWRevealViewController 02-32-09-986.h */,
				4316BB4422037B3B00A168BE /* Straat-Bridging-Header.h */,
			);
			path = lib;
			sourceTree = "<group>";
		};
		433DF9BF222865E70091BF8A /* TableViewCells */ = {
			isa = PBXGroup;
			children = (
				433DF9C02228665E0091BF8A /* ReportTVC.swift */,
				433DF9C2222866710091BF8A /* TeamTVC.swift */,
				436B4028222A95A100873C01 /* TeamMemberTVC.swift */,
				432D6606223AA7DC005F382D /* TeamMemberRequestTVC.swift */,
			);
			path = TableViewCells;
			sourceTree = "<group>";
		};
		433E947222259DCA007EC3AF /* Initial */ = {
			isa = PBXGroup;
			children = (
				435CCB1D21FF66CB00E87AD6 /* SplashScreenVC.swift */,
				435CCB3421FF78F000E87AD6 /* EnterCodeVC.swift */,
				4386825821FF8C06008F65D0 /* LoginUserVC.swift */,
				43C4ABE722078B3A0055D4EF /* ForgotPassVC.swift */,
				43130E252221DB800074AD85 /* SecondScreenVC.swift */,
			);
			path = Initial;
			sourceTree = "<group>";
		};
		434C3B52220A284F00843000 /* Services */ = {
			isa = PBXGroup;
			children = (
				9BE5D8E9221958130041FE8A /* Utils */,
				439B1EAF220ACBCE007A6F4E /* Generics */,
				434C3B53220A286300843000 /* APIs */,
			);
			path = Services;
			sourceTree = "<group>";
		};
		434C3B53220A286300843000 /* APIs */ = {
			isa = PBXGroup;
			children = (
				434C3B54220A287800843000 /* ApiHandler.swift */,
				434C3B56220A2B4D00843000 /* URL.swift */,
			);
			path = APIs;
			sourceTree = "<group>";
		};
		435CCB0F21FF66CB00E87AD6 = {
			isa = PBXGroup;
			children = (
				435CCB1A21FF66CB00E87AD6 /* Straat */,
				435CCB1921FF66CB00E87AD6 /* Products */,
				43ED29F47F127A1B5C2D88D4 /* Pods */,
				EEACA2CDDBF457DD596BC4F4 /* Frameworks */,
			);
			sourceTree = "<group>";
		};
		435CCB1921FF66CB00E87AD6 /* Products */ = {
			isa = PBXGroup;
			children = (
				435CCB1821FF66CB00E87AD6 /* Straat.app */,
			);
			name = Products;
			sourceTree = "<group>";
		};
		435CCB1A21FF66CB00E87AD6 /* Straat */ = {
			isa = PBXGroup;
			children = (
				9B7732B2222FCA9E0099A4D4 /* Straat.entitlements */,
				4316BB4322037B1800A168BE /* lib */,
				434C3B52220A284F00843000 /* Services */,
				435CCB2F21FF66DD00E87AD6 /* Controller */,
				435CCB2E21FF66DA00E87AD6 /* Model */,
				435CCB2D21FF66D400E87AD6 /* View */,
				435CCB2721FF66CD00E87AD6 /* Info.plist */,
			);
			path = Straat;
			sourceTree = "<group>";
		};
		435CCB2D21FF66D400E87AD6 /* View */ = {
			isa = PBXGroup;
			children = (
				43B4BFD52205CA1B004C8EAD /* Assets.xcassets */,
				435CCB1F21FF66CB00E87AD6 /* Initial.storyboard */,
				435CCB2421FF66CD00E87AD6 /* LaunchScreen.storyboard */,
				9BE18354220DE74C00981F3F /* Registration.storyboard */,
				9BA851A92225E11E00E872D9 /* Main.storyboard */,
				9BA851AC2225E12900E872D9 /* Sidebars.storyboard */,
			);
			path = View;
			sourceTree = "<group>";
		};
		435CCB2E21FF66DA00E87AD6 /* Model */ = {
			isa = PBXGroup;
			children = (
				434C3B58220A2DE800843000 /* UserModel.swift */,
				43EA2B14220B495E0088B5FC /* HostModel.swift */,
				43907A312210A5B60063DC16 /* TeamListModel.swift */,
				9B69A50722123C95001BBFE8 /* PostalModel.swift */,
				9B0948BB2212AD47004CE4CB /* UserRegistrationModel.swift */,
				9B0948BF2212D0A8004CE4CB /* TeamModel.swift */,
				9BE5D8EC22195B530041FE8A /* MainCategoryModel.swift */,
				9BE5D8EE22195B860041FE8A /* SubCategoryModel.swift */,
				438A0311221C0B6A00ECE252 /* ReportMapModel.swift */,
				9B2F486B221F17A100B2BF91 /* SendReportModel.swift */,
				9BBABA9F221F2E4E00DBC284 /* ReportModel.swift */,
				9BBABAA1221F3AAB00DBC284 /* PhotoModel.swift */,
				9B77016E222076B4004D8CF0 /* ReportTypeModel.swift */,
			);
			path = Model;
			sourceTree = "<group>";
		};
		435CCB2F21FF66DD00E87AD6 /* Controller */ = {
			isa = PBXGroup;
			children = (
				433E947222259DCA007EC3AF /* Initial */,
				4392B5712221293F0001A7E0 /* Sidebar */,
				4388ED7D220DE8BC002A008A /* Main */,
				439470EF220B73CC00CEC63E /* registration */,
				435CCB1B21FF66CB00E87AD6 /* AppDelegate.swift */,
			);
			path = Controller;
			sourceTree = "<group>";
		};
		436B99CA2217EF1E00881443 /* SuspiciousSituationReports */ = {
			isa = PBXGroup;
			children = (
				43440D722215DA26008A777E /* SuspiciousSituationVC.swift */,
				437DFD362221B1A400D2E662 /* SuspiciousTVC.swift */,
			);
			path = SuspiciousSituationReports;
			sourceTree = "<group>";
		};
		436B99CB2217EF2C00881443 /* PublicSpacesReports */ = {
			isa = PBXGroup;
			children = (
				43440D6C2215C2D7008A777E /* PublicSpaceVC.swift */,
				43440D702215D460008A777E /* PublicSpaceTVC.swift */,
			);
			path = PublicSpacesReports;
			sourceTree = "<group>";
		};
		437B55A322398D570022A831 /* MyTeam */ = {
			isa = PBXGroup;
			children = (
				4368EB11222973CC00EA03FE /* TeamDetailsVC.swift */,
				4392B574222129760001A7E0 /* TeamVC.swift */,
				4368EB13222977B500EA03FE /* TeamDetailsUpdateVC.swift */,
				436B4026222A83BD00873C01 /* CreateNewTeamVC.swift */,
				432D6604223AA68A005F382D /* TeamMemberVC.swift */,
			);
			path = MyTeam;
			sourceTree = "<group>";
		};
		437B55A422398D670022A831 /* MyReport */ = {
			isa = PBXGroup;
			children = (
				4392B572222129650001A7E0 /* ReportVC.swift */,
			);
			path = MyReport;
			sourceTree = "<group>";
		};
		437B55A522398D840022A831 /* Setting */ = {
			isa = PBXGroup;
			children = (
				4392B57C222129B90001A7E0 /* SettingVC.swift */,
			);
			path = Setting;
			sourceTree = "<group>";
		};
		437B55A622398DA40022A831 /* Profile */ = {
			isa = PBXGroup;
			children = (
				4392B5762221298B0001A7E0 /* ProfileVC.swift */,
			);
			path = Profile;
			sourceTree = "<group>";
		};
		437B55A722398DB90022A831 /* About */ = {
			isa = PBXGroup;
			children = (
				4392B5782221299B0001A7E0 /* AboutUsVC.swift */,
			);
			path = About;
			sourceTree = "<group>";
		};
		437B55A822398DC60022A831 /* Feedback */ = {
			isa = PBXGroup;
			children = (
				4392B57A222129A80001A7E0 /* FeedbackVC.swift */,
			);
			path = Feedback;
			sourceTree = "<group>";
		};
		437B55A922398DF80022A831 /* SendReport */ = {
			isa = PBXGroup;
			children = (
				4397D199220F6AC8004788B6 /* SelectReportTypeVC.swift */,
				4397D19B220F6B26004788B6 /* SendSuspiciousReportVC.swift */,
				4309F8ED22174B21001C29A9 /* SendPublicSpaceReportVC.swift */,
				43E7C920220FF747004A9AFD /* SelectReportVC.swift */,
			);
			path = SendReport;
			sourceTree = "<group>";
		};
		437B55AA22398E570022A831 /* ViewReports */ = {
			isa = PBXGroup;
			children = (
				43130E232221CB5A0074AD85 /* ViewReportVC.swift */,
				436B99CB2217EF2C00881443 /* PublicSpacesReports */,
				436B99CA2217EF1E00881443 /* SuspiciousSituationReports */,
			);
			path = ViewReports;
			sourceTree = "<group>";
		};
		437B55AB22398E890022A831 /* MapView */ = {
			isa = PBXGroup;
			children = (
				43DB4CA4221AE55000E0F88E /* ViewMapReportVC.swift */,
				4316BB4822037DD000A168BE /* MainVC.swift */,
				4302C1132206137A00A9865D /* CreateReportVC.swift */,
			);
			path = MapView;
			sourceTree = "<group>";
		};
		4388ED7D220DE8BC002A008A /* Main */ = {
			isa = PBXGroup;
			children = (
				437B55AB22398E890022A831 /* MapView */,
				437B55AA22398E570022A831 /* ViewReports */,
				437B55A922398DF80022A831 /* SendReport */,
			);
			path = Main;
			sourceTree = "<group>";
		};
		4392B5712221293F0001A7E0 /* Sidebar */ = {
			isa = PBXGroup;
			children = (
				437B55A822398DC60022A831 /* Feedback */,
				437B55A722398DB90022A831 /* About */,
				437B55A622398DA40022A831 /* Profile */,
				437B55A522398D840022A831 /* Setting */,
				437B55A422398D670022A831 /* MyReport */,
				437B55A322398D570022A831 /* MyTeam */,
				433DF9BF222865E70091BF8A /* TableViewCells */,
			);
			path = Sidebar;
			sourceTree = "<group>";
		};
		439470EF220B73CC00CEC63E /* registration */ = {
			isa = PBXGroup;
			children = (
				43C4ABE32207685C0055D4EF /* RegistrationDataVC.swift */,
				439470F2220B7A0F00CEC63E /* RegistrationTeamVC.swift */,
				43C4ABE522077D880055D4EF /* TermsAndConditionVC.swift */,
				43BEFB39220F5D6F00A84E9C /* CreateTeamVC.swift */,
				9B0948BD2212BC15004CE4CB /* RegistrationStep2VC.swift */,
			);
			path = registration;
			sourceTree = "<group>";
		};
		439B1EAF220ACBCE007A6F4E /* Generics */ = {
			isa = PBXGroup;
			children = (
				439B1EB0220ACBE1007A6F4E /* Validation.swift */,
				43EA2B12220B01FD0088B5FC /* Generics.swift */,
				4302C10F2206085400A9865D /* CustomTabBarController.swift */,
				437DFD382221BB7D00D2E662 /* Constants.swift */,
				437CF0AD2238399E00FC1A86 /* MyPickerView.swift */,
			);
			path = Generics;
			sourceTree = "<group>";
		};
		43ED29F47F127A1B5C2D88D4 /* Pods */ = {
			isa = PBXGroup;
			children = (
				4DB15AC11A35962DC0F48E20 /* Pods-Straat.debug.xcconfig */,
				D18593043328EDDCC1CC42BA /* Pods-Straat.release.xcconfig */,
			);
			name = Pods;
			sourceTree = "<group>";
		};
		9BE5D8E9221958130041FE8A /* Utils */ = {
			isa = PBXGroup;
			children = (
				9BE5D8EA22195A9F0041FE8A /* CategoryService.swift */,
				43DB4CA6221B527000E0F88E /* ReportMapService.swift */,
				9BBABA9D221F29B300DBC284 /* ReportService.swift */,
				9BBABAA5221F4AE000DBC284 /* MediaService.swift */,
				9BECD55C22207A9D004989A2 /* UserService.swift */,
				9B2EC5352232E1AD00257649 /* TeamService.swift */,
			);
			path = Utils;
			sourceTree = "<group>";
		};
		EEACA2CDDBF457DD596BC4F4 /* Frameworks */ = {
			isa = PBXGroup;
			children = (
				3E32E0A82034B122A15F9FE0 /* Pods_Straat.framework */,
			);
			name = Frameworks;
			sourceTree = "<group>";
		};
/* End PBXGroup section */

/* Begin PBXNativeTarget section */
		435CCB1721FF66CB00E87AD6 /* Straat */ = {
			isa = PBXNativeTarget;
			buildConfigurationList = 435CCB2A21FF66CD00E87AD6 /* Build configuration list for PBXNativeTarget "Straat" */;
			buildPhases = (
				97883C154EBD84EF64ED4853 /* [CP] Check Pods Manifest.lock */,
				435CCB1421FF66CB00E87AD6 /* Sources */,
				435CCB1521FF66CB00E87AD6 /* Frameworks */,
				435CCB1621FF66CB00E87AD6 /* Resources */,
				9E81F25575871A7166C31FA8 /* [CP] Embed Pods Frameworks */,
				371B4D39C6DD28AFBE2432E6 /* [CP] Copy Pods Resources */,
			);
			buildRules = (
			);
			dependencies = (
			);
			name = Straat;
			productName = Straat;
			productReference = 435CCB1821FF66CB00E87AD6 /* Straat.app */;
			productType = "com.apple.product-type.application";
		};
/* End PBXNativeTarget section */

/* Begin PBXProject section */
		435CCB1021FF66CB00E87AD6 /* Project object */ = {
			isa = PBXProject;
			attributes = {
				LastSwiftUpdateCheck = 1010;
				LastUpgradeCheck = 1010;
				TargetAttributes = {
					435CCB1721FF66CB00E87AD6 = {
						CreatedOnToolsVersion = 10.1;
						LastSwiftMigration = 1010;
						SystemCapabilities = {
							com.apple.AccessWiFi = {
								enabled = 0;
							};
						};
					};
				};
			};
			buildConfigurationList = 435CCB1321FF66CB00E87AD6 /* Build configuration list for PBXProject "Straat" */;
			compatibilityVersion = "Xcode 9.3";
			developmentRegion = en;
			hasScannedForEncodings = 0;
			knownRegions = (
				en,
				Base,
				nl,
			);
			mainGroup = 435CCB0F21FF66CB00E87AD6;
			productRefGroup = 435CCB1921FF66CB00E87AD6 /* Products */;
			projectDirPath = "";
			projectRoot = "";
			targets = (
				435CCB1721FF66CB00E87AD6 /* Straat */,
			);
		};
/* End PBXProject section */

/* Begin PBXResourcesBuildPhase section */
		435CCB1621FF66CB00E87AD6 /* Resources */ = {
			isa = PBXResourcesBuildPhase;
			buildActionMask = 2147483647;
			files = (
				435CCB2621FF66CD00E87AD6 /* LaunchScreen.storyboard in Resources */,
				9BA851A72225E11E00E872D9 /* Main.storyboard in Resources */,
				9BE18352220DE74C00981F3F /* Registration.storyboard in Resources */,
				435CCB2121FF66CB00E87AD6 /* Initial.storyboard in Resources */,
				43B4BFD62205CA1C004C8EAD /* Assets.xcassets in Resources */,
				9BA851AA2225E12900E872D9 /* Sidebars.storyboard in Resources */,
			);
			runOnlyForDeploymentPostprocessing = 0;
		};
/* End PBXResourcesBuildPhase section */

/* Begin PBXShellScriptBuildPhase section */
		371B4D39C6DD28AFBE2432E6 /* [CP] Copy Pods Resources */ = {
			isa = PBXShellScriptBuildPhase;
			buildActionMask = 2147483647;
			files = (
			);
			inputFileListPaths = (
			);
			inputPaths = (
				"${SRCROOT}/Pods/Target Support Files/Pods-Straat/Pods-Straat-resources.sh",
				"${PODS_ROOT}/GoogleMaps/Maps/Frameworks/GoogleMaps.framework/Resources/GoogleMaps.bundle",
				"${PODS_ROOT}/GooglePlaces/Frameworks/GooglePlaces.framework/Resources/GooglePlaces.bundle",
			);
			name = "[CP] Copy Pods Resources";
			outputFileListPaths = (
			);
			outputPaths = (
				"${TARGET_BUILD_DIR}/${UNLOCALIZED_RESOURCES_FOLDER_PATH}/GoogleMaps.bundle",
				"${TARGET_BUILD_DIR}/${UNLOCALIZED_RESOURCES_FOLDER_PATH}/GooglePlaces.bundle",
			);
			runOnlyForDeploymentPostprocessing = 0;
			shellPath = /bin/sh;
			shellScript = "\"${SRCROOT}/Pods/Target Support Files/Pods-Straat/Pods-Straat-resources.sh\"\n";
			showEnvVarsInLog = 0;
		};
		97883C154EBD84EF64ED4853 /* [CP] Check Pods Manifest.lock */ = {
			isa = PBXShellScriptBuildPhase;
			buildActionMask = 2147483647;
			files = (
			);
			inputFileListPaths = (
			);
			inputPaths = (
				"${PODS_PODFILE_DIR_PATH}/Podfile.lock",
				"${PODS_ROOT}/Manifest.lock",
			);
			name = "[CP] Check Pods Manifest.lock";
			outputFileListPaths = (
			);
			outputPaths = (
				"$(DERIVED_FILE_DIR)/Pods-Straat-checkManifestLockResult.txt",
			);
			runOnlyForDeploymentPostprocessing = 0;
			shellPath = /bin/sh;
			shellScript = "diff \"${PODS_PODFILE_DIR_PATH}/Podfile.lock\" \"${PODS_ROOT}/Manifest.lock\" > /dev/null\nif [ $? != 0 ] ; then\n    # print error to STDERR\n    echo \"error: The sandbox is not in sync with the Podfile.lock. Run 'pod install' or update your CocoaPods installation.\" >&2\n    exit 1\nfi\n# This output is used by Xcode 'outputs' to avoid re-running this script phase.\necho \"SUCCESS\" > \"${SCRIPT_OUTPUT_FILE_0}\"\n";
			showEnvVarsInLog = 0;
		};
		9E81F25575871A7166C31FA8 /* [CP] Embed Pods Frameworks */ = {
			isa = PBXShellScriptBuildPhase;
			buildActionMask = 2147483647;
			files = (
			);
			inputFileListPaths = (
			);
			inputPaths = (
				"${SRCROOT}/Pods/Target Support Files/Pods-Straat/Pods-Straat-frameworks.sh",
				"${BUILT_PRODUCTS_DIR}/Alamofire/Alamofire.framework",
				"${BUILT_PRODUCTS_DIR}/AlamofireImage/AlamofireImage.framework",
				"${BUILT_PRODUCTS_DIR}/Kingfisher/Kingfisher.framework",
				"${BUILT_PRODUCTS_DIR}/iOSDropDown/iOSDropDown.framework",
			);
			name = "[CP] Embed Pods Frameworks";
			outputFileListPaths = (
			);
			outputPaths = (
				"${TARGET_BUILD_DIR}/${FRAMEWORKS_FOLDER_PATH}/Alamofire.framework",
				"${TARGET_BUILD_DIR}/${FRAMEWORKS_FOLDER_PATH}/AlamofireImage.framework",
				"${TARGET_BUILD_DIR}/${FRAMEWORKS_FOLDER_PATH}/Kingfisher.framework",
				"${TARGET_BUILD_DIR}/${FRAMEWORKS_FOLDER_PATH}/iOSDropDown.framework",
			);
			runOnlyForDeploymentPostprocessing = 0;
			shellPath = /bin/sh;
			shellScript = "\"${SRCROOT}/Pods/Target Support Files/Pods-Straat/Pods-Straat-frameworks.sh\"\n";
			showEnvVarsInLog = 0;
		};
/* End PBXShellScriptBuildPhase section */

/* Begin PBXSourcesBuildPhase section */
		435CCB1421FF66CB00E87AD6 /* Sources */ = {
			isa = PBXSourcesBuildPhase;
			buildActionMask = 2147483647;
			files = (
				43EA2B15220B495E0088B5FC /* HostModel.swift in Sources */,
				4392B573222129650001A7E0 /* ReportVC.swift in Sources */,
				438A0312221C0B6A00ECE252 /* ReportMapModel.swift in Sources */,
				4309F8EE22174B21001C29A9 /* SendPublicSpaceReportVC.swift in Sources */,
				9BBABA9E221F29B300DBC284 /* ReportService.swift in Sources */,
				4316BB4922037DD000A168BE /* MainVC.swift in Sources */,
				43C4ABE822078B3A0055D4EF /* ForgotPassVC.swift in Sources */,
				437DFD392221BB7D00D2E662 /* Constants.swift in Sources */,
				43DB4CA7221B527000E0F88E /* ReportMapService.swift in Sources */,
				43C4ABE622077D880055D4EF /* TermsAndConditionVC.swift in Sources */,
				435CCB3521FF78F000E87AD6 /* EnterCodeVC.swift in Sources */,
				43C4ABE42207685C0055D4EF /* RegistrationDataVC.swift in Sources */,
				433DF9C3222866710091BF8A /* TeamTVC.swift in Sources */,
				9B2EC5362232E1AD00257649 /* TeamService.swift in Sources */,
				9B0948BC2212AD47004CE4CB /* UserRegistrationModel.swift in Sources */,
				4397D19A220F6AC8004788B6 /* SelectReportTypeVC.swift in Sources */,
				4368EB14222977B500EA03FE /* TeamDetailsUpdateVC.swift in Sources */,
				434C3B57220A2B4D00843000 /* URL.swift in Sources */,
				9B0948BE2212BC15004CE4CB /* RegistrationStep2VC.swift in Sources */,
				43440D712215D460008A777E /* PublicSpaceTVC.swift in Sources */,
				4392B5772221298B0001A7E0 /* ProfileVC.swift in Sources */,
				432D6605223AA68A005F382D /* TeamMemberVC.swift in Sources */,
				4392B57D222129B90001A7E0 /* SettingVC.swift in Sources */,
				43E7C921220FF747004A9AFD /* SelectReportVC.swift in Sources */,
				9BBABAA6221F4AE000DBC284 /* MediaService.swift in Sources */,
				9B0948C02212D0A8004CE4CB /* TeamModel.swift in Sources */,
				9BBABAA0221F2E4E00DBC284 /* ReportModel.swift in Sources */,
				437DFD372221B1A400D2E662 /* SuspiciousTVC.swift in Sources */,
				9BE5D8EF22195B860041FE8A /* SubCategoryModel.swift in Sources */,
				437CF0AE2238399E00FC1A86 /* MyPickerView.swift in Sources */,
				433DF9C12228665E0091BF8A /* ReportTVC.swift in Sources */,
				4392B5792221299B0001A7E0 /* AboutUsVC.swift in Sources */,
				43EA2B13220B01FD0088B5FC /* Generics.swift in Sources */,
				435CCB1E21FF66CB00E87AD6 /* SplashScreenVC.swift in Sources */,
				434C3B59220A2DE800843000 /* UserModel.swift in Sources */,
				439470EE220B5FDD00CEC63E /* SWRevealViewController 02-32-09-600.m in Sources */,
				4397D19C220F6B26004788B6 /* SendSuspiciousReportVC.swift in Sources */,
				436B4029222A95A100873C01 /* TeamMemberTVC.swift in Sources */,
				43BEFB3A220F5D6F00A84E9C /* CreateTeamVC.swift in Sources */,
				43907A322210A5B60063DC16 /* TeamListModel.swift in Sources */,
				436B4027222A83BD00873C01 /* CreateNewTeamVC.swift in Sources */,
				9B69A50822123C95001BBFE8 /* PostalModel.swift in Sources */,
				432D6607223AA7DC005F382D /* TeamMemberRequestTVC.swift in Sources */,
				9BECD55D22207A9D004989A2 /* UserService.swift in Sources */,
				43DB4CA5221AE55000E0F88E /* ViewMapReportVC.swift in Sources */,
				434C3B55220A287800843000 /* ApiHandler.swift in Sources */,
				43440D732215DA26008A777E /* SuspiciousSituationVC.swift in Sources */,
				9BE5D8ED22195B530041FE8A /* MainCategoryModel.swift in Sources */,
				4386825921FF8C06008F65D0 /* LoginUserVC.swift in Sources */,
				43130E262221DB800074AD85 /* SecondScreenVC.swift in Sources */,
				4302C1102206085400A9865D /* CustomTabBarController.swift in Sources */,
				9B2F486C221F17A100B2BF91 /* SendReportModel.swift in Sources */,
				43130E242221CB5A0074AD85 /* ViewReportVC.swift in Sources */,
				4368EB12222973CC00EA03FE /* TeamDetailsVC.swift in Sources */,
				4392B57B222129A80001A7E0 /* FeedbackVC.swift in Sources */,
				9BBABAA2221F3AAB00DBC284 /* PhotoModel.swift in Sources */,
				4302C1142206137A00A9865D /* CreateReportVC.swift in Sources */,
				439B1EB1220ACBE1007A6F4E /* Validation.swift in Sources */,
				9B77016F222076B4004D8CF0 /* ReportTypeModel.swift in Sources */,
				4392B575222129760001A7E0 /* TeamVC.swift in Sources */,
				439470F3220B7A0F00CEC63E /* RegistrationTeamVC.swift in Sources */,
				43440D6D2215C2D7008A777E /* PublicSpaceVC.swift in Sources */,
				435CCB1C21FF66CB00E87AD6 /* AppDelegate.swift in Sources */,
				9BE5D8EB22195A9F0041FE8A /* CategoryService.swift in Sources */,
			);
			runOnlyForDeploymentPostprocessing = 0;
		};
/* End PBXSourcesBuildPhase section */

/* Begin PBXVariantGroup section */
		435CCB1F21FF66CB00E87AD6 /* Initial.storyboard */ = {
			isa = PBXVariantGroup;
			children = (
				435CCB2021FF66CB00E87AD6 /* Base */,
				9BA851B62225F0B200E872D9 /* nl */,
			);
			name = Initial.storyboard;
			sourceTree = "<group>";
		};
		435CCB2421FF66CD00E87AD6 /* LaunchScreen.storyboard */ = {
			isa = PBXVariantGroup;
			children = (
				435CCB2521FF66CD00E87AD6 /* Base */,
				9BA851A52225E10700E872D9 /* nl */,
			);
			name = LaunchScreen.storyboard;
			sourceTree = "<group>";
		};
		9BA851A92225E11E00E872D9 /* Main.storyboard */ = {
			isa = PBXVariantGroup;
			children = (
				9BA851AD2225E13400E872D9 /* Base */,
				9BA851B02225E14F00E872D9 /* nl */,
			);
			name = Main.storyboard;
			sourceTree = "<group>";
		};
		9BA851AC2225E12900E872D9 /* Sidebars.storyboard */ = {
			isa = PBXVariantGroup;
			children = (
				9BA851AE2225E13900E872D9 /* Base */,
				9BA851AF2225E14500E872D9 /* nl */,
			);
			name = Sidebars.storyboard;
			sourceTree = "<group>";
		};
		9BE18354220DE74C00981F3F /* Registration.storyboard */ = {
			isa = PBXVariantGroup;
			children = (
				9BE18355220DE75B00981F3F /* Base */,
				9BA851A62225E10800E872D9 /* nl */,
			);
			name = Registration.storyboard;
			sourceTree = "<group>";
		};
/* End PBXVariantGroup section */

/* Begin XCBuildConfiguration section */
		435CCB2821FF66CD00E87AD6 /* Debug */ = {
			isa = XCBuildConfiguration;
			buildSettings = {
				ALWAYS_SEARCH_USER_PATHS = NO;
				CLANG_ANALYZER_LOCALIZABILITY_NONLOCALIZED = YES;
				CLANG_ANALYZER_NONNULL = YES;
				CLANG_ANALYZER_NUMBER_OBJECT_CONVERSION = YES_AGGRESSIVE;
				CLANG_CXX_LANGUAGE_STANDARD = "gnu++14";
				CLANG_CXX_LIBRARY = "libc++";
				CLANG_ENABLE_MODULES = YES;
				CLANG_ENABLE_OBJC_ARC = YES;
				CLANG_ENABLE_OBJC_WEAK = YES;
				CLANG_WARN_BLOCK_CAPTURE_AUTORELEASING = YES;
				CLANG_WARN_BOOL_CONVERSION = YES;
				CLANG_WARN_COMMA = YES;
				CLANG_WARN_CONSTANT_CONVERSION = YES;
				CLANG_WARN_DEPRECATED_OBJC_IMPLEMENTATIONS = YES;
				CLANG_WARN_DIRECT_OBJC_ISA_USAGE = YES_ERROR;
				CLANG_WARN_DOCUMENTATION_COMMENTS = YES;
				CLANG_WARN_EMPTY_BODY = YES;
				CLANG_WARN_ENUM_CONVERSION = YES;
				CLANG_WARN_INFINITE_RECURSION = YES;
				CLANG_WARN_INT_CONVERSION = YES;
				CLANG_WARN_NON_LITERAL_NULL_CONVERSION = YES;
				CLANG_WARN_OBJC_IMPLICIT_RETAIN_SELF = YES;
				CLANG_WARN_OBJC_LITERAL_CONVERSION = YES;
				CLANG_WARN_OBJC_ROOT_CLASS = YES_ERROR;
				CLANG_WARN_RANGE_LOOP_ANALYSIS = YES;
				CLANG_WARN_STRICT_PROTOTYPES = YES;
				CLANG_WARN_SUSPICIOUS_MOVE = YES;
				CLANG_WARN_UNGUARDED_AVAILABILITY = YES_AGGRESSIVE;
				CLANG_WARN_UNREACHABLE_CODE = YES;
				CLANG_WARN__DUPLICATE_METHOD_MATCH = YES;
				CODE_SIGN_IDENTITY = "iPhone Developer";
				COPY_PHASE_STRIP = NO;
				DEBUG_INFORMATION_FORMAT = dwarf;
				ENABLE_STRICT_OBJC_MSGSEND = YES;
				ENABLE_TESTABILITY = YES;
				GCC_C_LANGUAGE_STANDARD = gnu11;
				GCC_DYNAMIC_NO_PIC = NO;
				GCC_NO_COMMON_BLOCKS = YES;
				GCC_OPTIMIZATION_LEVEL = 0;
				GCC_PREPROCESSOR_DEFINITIONS = (
					"DEBUG=1",
					"$(inherited)",
				);
				GCC_WARN_64_TO_32_BIT_CONVERSION = YES;
				GCC_WARN_ABOUT_RETURN_TYPE = YES_ERROR;
				GCC_WARN_UNDECLARED_SELECTOR = YES;
				GCC_WARN_UNINITIALIZED_AUTOS = YES_AGGRESSIVE;
				GCC_WARN_UNUSED_FUNCTION = YES;
				GCC_WARN_UNUSED_VARIABLE = YES;
				IPHONEOS_DEPLOYMENT_TARGET = 12.1;
				MTL_ENABLE_DEBUG_INFO = INCLUDE_SOURCE;
				MTL_FAST_MATH = YES;
				ONLY_ACTIVE_ARCH = YES;
				SDKROOT = iphoneos;
				SWIFT_ACTIVE_COMPILATION_CONDITIONS = DEBUG;
				SWIFT_OPTIMIZATION_LEVEL = "-Onone";
			};
			name = Debug;
		};
		435CCB2921FF66CD00E87AD6 /* Release */ = {
			isa = XCBuildConfiguration;
			buildSettings = {
				ALWAYS_SEARCH_USER_PATHS = NO;
				CLANG_ANALYZER_LOCALIZABILITY_NONLOCALIZED = YES;
				CLANG_ANALYZER_NONNULL = YES;
				CLANG_ANALYZER_NUMBER_OBJECT_CONVERSION = YES_AGGRESSIVE;
				CLANG_CXX_LANGUAGE_STANDARD = "gnu++14";
				CLANG_CXX_LIBRARY = "libc++";
				CLANG_ENABLE_MODULES = YES;
				CLANG_ENABLE_OBJC_ARC = YES;
				CLANG_ENABLE_OBJC_WEAK = YES;
				CLANG_WARN_BLOCK_CAPTURE_AUTORELEASING = YES;
				CLANG_WARN_BOOL_CONVERSION = YES;
				CLANG_WARN_COMMA = YES;
				CLANG_WARN_CONSTANT_CONVERSION = YES;
				CLANG_WARN_DEPRECATED_OBJC_IMPLEMENTATIONS = YES;
				CLANG_WARN_DIRECT_OBJC_ISA_USAGE = YES_ERROR;
				CLANG_WARN_DOCUMENTATION_COMMENTS = YES;
				CLANG_WARN_EMPTY_BODY = YES;
				CLANG_WARN_ENUM_CONVERSION = YES;
				CLANG_WARN_INFINITE_RECURSION = YES;
				CLANG_WARN_INT_CONVERSION = YES;
				CLANG_WARN_NON_LITERAL_NULL_CONVERSION = YES;
				CLANG_WARN_OBJC_IMPLICIT_RETAIN_SELF = YES;
				CLANG_WARN_OBJC_LITERAL_CONVERSION = YES;
				CLANG_WARN_OBJC_ROOT_CLASS = YES_ERROR;
				CLANG_WARN_RANGE_LOOP_ANALYSIS = YES;
				CLANG_WARN_STRICT_PROTOTYPES = YES;
				CLANG_WARN_SUSPICIOUS_MOVE = YES;
				CLANG_WARN_UNGUARDED_AVAILABILITY = YES_AGGRESSIVE;
				CLANG_WARN_UNREACHABLE_CODE = YES;
				CLANG_WARN__DUPLICATE_METHOD_MATCH = YES;
				CODE_SIGN_IDENTITY = "iPhone Developer";
				COPY_PHASE_STRIP = NO;
				DEBUG_INFORMATION_FORMAT = "dwarf-with-dsym";
				ENABLE_NS_ASSERTIONS = NO;
				ENABLE_STRICT_OBJC_MSGSEND = YES;
				GCC_C_LANGUAGE_STANDARD = gnu11;
				GCC_NO_COMMON_BLOCKS = YES;
				GCC_WARN_64_TO_32_BIT_CONVERSION = YES;
				GCC_WARN_ABOUT_RETURN_TYPE = YES_ERROR;
				GCC_WARN_UNDECLARED_SELECTOR = YES;
				GCC_WARN_UNINITIALIZED_AUTOS = YES_AGGRESSIVE;
				GCC_WARN_UNUSED_FUNCTION = YES;
				GCC_WARN_UNUSED_VARIABLE = YES;
				IPHONEOS_DEPLOYMENT_TARGET = 12.1;
				MTL_ENABLE_DEBUG_INFO = NO;
				MTL_FAST_MATH = YES;
				SDKROOT = iphoneos;
				SWIFT_COMPILATION_MODE = wholemodule;
				SWIFT_OPTIMIZATION_LEVEL = "-O";
				VALIDATE_PRODUCT = YES;
			};
			name = Release;
		};
		435CCB2B21FF66CD00E87AD6 /* Debug */ = {
			isa = XCBuildConfiguration;
			baseConfigurationReference = 4DB15AC11A35962DC0F48E20 /* Pods-Straat.debug.xcconfig */;
			buildSettings = {
				ASSETCATALOG_COMPILER_APPICON_NAME = AppIcon;
				CLANG_ENABLE_MODULES = YES;
				CODE_SIGN_STYLE = Automatic;
				DEVELOPMENT_TEAM = 46BKCK9BUH;
				INFOPLIST_FILE = Straat/Info.plist;
				IPHONEOS_DEPLOYMENT_TARGET = 10.0;
				LD_RUNPATH_SEARCH_PATHS = (
					"$(inherited)",
					"@executable_path/Frameworks",
				);
				PRODUCT_BUNDLE_IDENTIFIER = com.eversun.straatinfo;
				PRODUCT_NAME = "$(TARGET_NAME)";
				SWIFT_OBJC_BRIDGING_HEADER = "Straat/lib/Straat-Bridging-Header.h";
				SWIFT_OPTIMIZATION_LEVEL = "-Onone";
				SWIFT_VERSION = 4.2;
				TARGETED_DEVICE_FAMILY = "1,2";
			};
			name = Debug;
		};
		435CCB2C21FF66CD00E87AD6 /* Release */ = {
			isa = XCBuildConfiguration;
			baseConfigurationReference = D18593043328EDDCC1CC42BA /* Pods-Straat.release.xcconfig */;
			buildSettings = {
				ASSETCATALOG_COMPILER_APPICON_NAME = AppIcon;
				CLANG_ENABLE_MODULES = YES;
				CODE_SIGN_STYLE = Automatic;
				DEVELOPMENT_TEAM = 46BKCK9BUH;
				INFOPLIST_FILE = Straat/Info.plist;
				IPHONEOS_DEPLOYMENT_TARGET = 10.0;
				LD_RUNPATH_SEARCH_PATHS = (
					"$(inherited)",
					"@executable_path/Frameworks",
				);
				PRODUCT_BUNDLE_IDENTIFIER = com.eversun.straatinfo;
				PRODUCT_NAME = "$(TARGET_NAME)";
				SWIFT_OBJC_BRIDGING_HEADER = "Straat/lib/Straat-Bridging-Header.h";
				SWIFT_VERSION = 4.2;
				TARGETED_DEVICE_FAMILY = "1,2";
			};
			name = Release;
		};
/* End XCBuildConfiguration section */

/* Begin XCConfigurationList section */
		435CCB1321FF66CB00E87AD6 /* Build configuration list for PBXProject "Straat" */ = {
			isa = XCConfigurationList;
			buildConfigurations = (
				435CCB2821FF66CD00E87AD6 /* Debug */,
				435CCB2921FF66CD00E87AD6 /* Release */,
			);
			defaultConfigurationIsVisible = 0;
			defaultConfigurationName = Release;
		};
		435CCB2A21FF66CD00E87AD6 /* Build configuration list for PBXNativeTarget "Straat" */ = {
			isa = XCConfigurationList;
			buildConfigurations = (
				435CCB2B21FF66CD00E87AD6 /* Debug */,
				435CCB2C21FF66CD00E87AD6 /* Release */,
			);
			defaultConfigurationIsVisible = 0;
			defaultConfigurationName = Release;
		};
/* End XCConfigurationList section */
	};
	rootObject = 435CCB1021FF66CB00E87AD6 /* Project object */;
}
